
Microsoft Visual Studio Solution File, Format Version 12.00
# Visual Studio Version 17
VisualStudioVersion = 17.14.36429.23 d17.14
MinimumVisualStudioVersion = 10.0.40219.1
Project("{FAE04EC0-301F-11D3-BF4B-00C04F79EFBC}") = "итер4", "итер4\итер4.csproj", "{FE69860A-92E1-42FB-9248-74620268D628}"
EndProject
Global
	GlobalSection(SolutionConfigurationPlatforms) = preSolution
		Debug|Any CPU = Debug|Any CPU
		Release|Any CPU = Release|Any CPU
	EndGlobalSection
	GlobalSection(ProjectConfigurationPlatforms) = postSolution
		{FE69860A-92E1-42FB-9248-74620268D628}.Debug|Any CPU.ActiveCfg = Debug|Any CPU
		{FE69860A-92E1-42FB-9248-74620268D628}.Debug|Any CPU.Build.0 = Debug|Any CPU
		{FE69860A-92E1-42FB-9248-74620268D628}.Release|Any CPU.ActiveCfg = Release|Any CPU
		{FE69860A-92E1-42FB-9248-74620268D628}.Release|Any CPU.Build.0 = Release|Any CPU
	EndGlobalSection
	GlobalSection(SolutionProperties) = preSolution
		HideSolutionNode = FALSE
	EndGlobalSection
	GlobalSection(ExtensibilityGlobals) = postSolution
		SolutionGuid = {4FAFAED7-808C-4C37-A1E8-AA4B4505FA68}
	EndGlobalSection
EndGlobal
